
Microsoft Visual Studio Solution File, Format Version 12.00
# Visual Studio Version 17
VisualStudioVersion = 17.2.32616.157
MinimumVisualStudioVersion = 10.0.40219.1
Project("{9A19103F-16F7-4668-BE54-9A1E7A4F7556}") = "Workaround", "Workaround\Workaround.csproj", "{28CE6179-4E9F-4748-8FD7-3C02D200589B}"
EndProject
Project("{FAE04EC0-301F-11D3-BF4B-00C04F79EFBC}") = "Entities", "Entities\Entities.csproj", "{64126151-A02E-40E1-AC99-466538430105}"
EndProject
Project("{FAE04EC0-301F-11D3-BF4B-00C04F79EFBC}") = "Business", "Business\Business.csproj", "{4B20AB5E-E509-4040-A734-21E099C0B90E}"
EndProject
Global
	GlobalSection(SolutionConfigurationPlatforms) = preSolution
		Debug|Any CPU = Debug|Any CPU
		Release|Any CPU = Release|Any CPU
	EndGlobalSection
	GlobalSection(ProjectConfigurationPlatforms) = postSolution
		{28CE6179-4E9F-4748-8FD7-3C02D200589B}.Debug|Any CPU.ActiveCfg = Debug|Any CPU
		{28CE6179-4E9F-4748-8FD7-3C02D200589B}.Debug|Any CPU.Build.0 = Debug|Any CPU
		{28CE6179-4E9F-4748-8FD7-3C02D200589B}.Release|Any CPU.ActiveCfg = Release|Any CPU
		{28CE6179-4E9F-4748-8FD7-3C02D200589B}.Release|Any CPU.Build.0 = Release|Any CPU
		{64126151-A02E-40E1-AC99-466538430105}.Debug|Any CPU.ActiveCfg = Debug|Any CPU
		{64126151-A02E-40E1-AC99-466538430105}.Debug|Any CPU.Build.0 = Debug|Any CPU
		{64126151-A02E-40E1-AC99-466538430105}.Release|Any CPU.ActiveCfg = Release|Any CPU
		{64126151-A02E-40E1-AC99-466538430105}.Release|Any CPU.Build.0 = Release|Any CPU
		{4B20AB5E-E509-4040-A734-21E099C0B90E}.Debug|Any CPU.ActiveCfg = Debug|Any CPU
		{4B20AB5E-E509-4040-A734-21E099C0B90E}.Debug|Any CPU.Build.0 = Debug|Any CPU
		{4B20AB5E-E509-4040-A734-21E099C0B90E}.Release|Any CPU.ActiveCfg = Release|Any CPU
		{4B20AB5E-E509-4040-A734-21E099C0B90E}.Release|Any CPU.Build.0 = Release|Any CPU
	EndGlobalSection
	GlobalSection(SolutionProperties) = preSolution
		HideSolutionNode = FALSE
	EndGlobalSection
	GlobalSection(ExtensibilityGlobals) = postSolution
		SolutionGuid = {CBF9C277-BA02-4BF3-AA88-705F51B7A616}
	EndGlobalSection
EndGlobal
